
Microsoft Visual Studio Solution File, Format Version 12.00
# Visual Studio 15
VisualStudioVersion = 15.0.28307.572
MinimumVisualStudioVersion = 10.0.40219.1
Project("{FAE04EC0-301F-11D3-BF4B-00C04F79EFBC}") = "LoveMetaSprite", "LoveMetaSprite\LoveMetaSprite.csproj", "{55ED2714-7274-4E8D-B8AD-D7DF0F8CF798}"
EndProject
Global
	GlobalSection(SolutionConfigurationPlatforms) = preSolution
		Debug|Any CPU = Debug|Any CPU
		Release|Any CPU = Release|Any CPU
	EndGlobalSection
	GlobalSection(ProjectConfigurationPlatforms) = postSolution
		{55ED2714-7274-4E8D-B8AD-D7DF0F8CF798}.Debug|Any CPU.ActiveCfg = Debug|Any CPU
		{55ED2714-7274-4E8D-B8AD-D7DF0F8CF798}.Debug|Any CPU.Build.0 = Debug|Any CPU
		{55ED2714-7274-4E8D-B8AD-D7DF0F8CF798}.Release|Any CPU.ActiveCfg = Release|Any CPU
		{55ED2714-7274-4E8D-B8AD-D7DF0F8CF798}.Release|Any CPU.Build.0 = Release|Any CPU
	EndGlobalSection
	GlobalSection(SolutionProperties) = preSolution
		HideSolutionNode = FALSE
	EndGlobalSection
	GlobalSection(ExtensibilityGlobals) = postSolution
		SolutionGuid = {BAF5B670-662D-482E-9FEC-C33A1CD9EA5F}
	EndGlobalSection
EndGlobal
